
Microsoft Visual Studio Solution File, Format Version 12.00
# Visual Studio Version 16
VisualStudioVersion = 16.0.30804.86
MinimumVisualStudioVersion = 10.0.40219.1
Project("{FAE04EC0-301F-11D3-BF4B-00C04F79EFBC}") = "KacperBandyk_Komisariat", "KacperBandyk_Komisariat.csproj", "{75CFC00C-B487-4BEB-B8CD-0C23817ED79C}"
EndProject
Global
	GlobalSection(SolutionConfigurationPlatforms) = preSolution
		Debug|Any CPU = Debug|Any CPU
		Release|Any CPU = Release|Any CPU
	EndGlobalSection
	GlobalSection(ProjectConfigurationPlatforms) = postSolution
		{75CFC00C-B487-4BEB-B8CD-0C23817ED79C}.Debug|Any CPU.ActiveCfg = Debug|Any CPU
		{75CFC00C-B487-4BEB-B8CD-0C23817ED79C}.Debug|Any CPU.Build.0 = Debug|Any CPU
		{75CFC00C-B487-4BEB-B8CD-0C23817ED79C}.Release|Any CPU.ActiveCfg = Release|Any CPU
		{75CFC00C-B487-4BEB-B8CD-0C23817ED79C}.Release|Any CPU.Build.0 = Release|Any CPU
	EndGlobalSection
	GlobalSection(SolutionProperties) = preSolution
		HideSolutionNode = FALSE
	EndGlobalSection
	GlobalSection(ExtensibilityGlobals) = postSolution
		SolutionGuid = {2AC1738C-F51E-4E4C-9F49-1167BFADDF44}
	EndGlobalSection
EndGlobal
